
Microsoft Visual Studio Solution File, Format Version 12.00
# Visual Studio Version 17
VisualStudioVersion = 17.4.33205.214
MinimumVisualStudioVersion = 10.0.40219.1
Project("{888888A0-9F3D-457C-B088-3A5042F75D52}") = "Kasutajafunktsioonide_Konjajev", "Kasutajafunktsioonide_Konjajev\Kasutajafunktsioonide_Konjajev.pyproj", "{68054B4E-67C2-4218-B4B3-4580A1387CA6}"
EndProject
Global
	GlobalSection(SolutionConfigurationPlatforms) = preSolution
		Debug|Any CPU = Debug|Any CPU
		Release|Any CPU = Release|Any CPU
	EndGlobalSection
	GlobalSection(ProjectConfigurationPlatforms) = postSolution
		{68054B4E-67C2-4218-B4B3-4580A1387CA6}.Debug|Any CPU.ActiveCfg = Debug|Any CPU
		{68054B4E-67C2-4218-B4B3-4580A1387CA6}.Release|Any CPU.ActiveCfg = Release|Any CPU
	EndGlobalSection
	GlobalSection(SolutionProperties) = preSolution
		HideSolutionNode = FALSE
	EndGlobalSection
	GlobalSection(ExtensibilityGlobals) = postSolution
		SolutionGuid = {AFAF7027-A98E-45B5-9C3E-F5D0CD1E9DF6}
	EndGlobalSection
EndGlobal
